
Microsoft Visual Studio Solution File, Format Version 12.00
# Visual Studio Version 17
VisualStudioVersion = 17.2.32630.192
MinimumVisualStudioVersion = 10.0.40219.1
Project("{888888A0-9F3D-457C-B088-3A5042F75D52}") = "Chapters", "PythonApplication1\Chapters.pyproj", "{A9F94D5D-9002-42F2-9721-2D1B58748832}"
EndProject
Global
	GlobalSection(SolutionConfigurationPlatforms) = preSolution
		Debug|Any CPU = Debug|Any CPU
		Release|Any CPU = Release|Any CPU
	EndGlobalSection
	GlobalSection(ProjectConfigurationPlatforms) = postSolution
		{A9F94D5D-9002-42F2-9721-2D1B58748832}.Debug|Any CPU.ActiveCfg = Debug|Any CPU
		{A9F94D5D-9002-42F2-9721-2D1B58748832}.Release|Any CPU.ActiveCfg = Release|Any CPU
	EndGlobalSection
	GlobalSection(SolutionProperties) = preSolution
		HideSolutionNode = FALSE
	EndGlobalSection
	GlobalSection(ExtensibilityGlobals) = postSolution
		SolutionGuid = {B6A409EB-4A6A-4754-A523-6B3AAB0607C9}
	EndGlobalSection
EndGlobal
